
Microsoft Visual Studio Solution File, Format Version 12.00
# Visual Studio 15
VisualStudioVersion = 15.0.28307.168
MinimumVisualStudioVersion = 10.0.40219.1
Project("{8BC9CEB8-8B4A-11D0-8D11-00A0C91BC942}") = "ks_hook-X", "ks_hook-X.vcxproj", "{019CA791-4D5D-4C33-B44C-0A9E77947EAD}"
EndProject
Project("{8BC9CEB8-8B4A-11D0-8D11-00A0C91BC942}") = "thread_inject", "thread_inject\thread_inject.vcxproj", "{5B4D0DDF-070A-4A00-9FD1-F7550FA830A6}"
EndProject
Global
	GlobalSection(SolutionConfigurationPlatforms) = preSolution
		Release|x86 = Release|x86
	EndGlobalSection
	GlobalSection(ProjectConfigurationPlatforms) = postSolution
		{019CA791-4D5D-4C33-B44C-0A9E77947EAD}.Release|x86.ActiveCfg = Release|Win32
		{019CA791-4D5D-4C33-B44C-0A9E77947EAD}.Release|x86.Build.0 = Release|Win32
		{5B4D0DDF-070A-4A00-9FD1-F7550FA830A6}.Release|x86.ActiveCfg = Release|Win32
		{5B4D0DDF-070A-4A00-9FD1-F7550FA830A6}.Release|x86.Build.0 = Release|Win32
	EndGlobalSection
	GlobalSection(SolutionProperties) = preSolution
		HideSolutionNode = FALSE
	EndGlobalSection
	GlobalSection(ExtensibilityGlobals) = postSolution
		SolutionGuid = {453E05AC-1C33-4237-83C4-05331D86125C}
	EndGlobalSection
EndGlobal
